
Microsoft Visual Studio Solution File, Format Version 12.00
# Visual Studio 15
Project("{FAE04EC0-301F-11D3-BF4B-00C04F79EFBC}") = "todo-app", "todo-app.csproj", "{12CB470C-7657-40B9-AA93-BC6C33FC7621}"
EndProject
Global
	GlobalSection(SolutionConfigurationPlatforms) = preSolution
		Debug|Any CPU = Debug|Any CPU
		Release|Any CPU = Release|Any CPU
	EndGlobalSection
	GlobalSection(ProjectConfigurationPlatforms) = postSolution
		{12CB470C-7657-40B9-AA93-BC6C33FC7621}.Debug|Any CPU.ActiveCfg = Debug|Any CPU
		{12CB470C-7657-40B9-AA93-BC6C33FC7621}.Debug|Any CPU.Build.0 = Debug|Any CPU
		{12CB470C-7657-40B9-AA93-BC6C33FC7621}.Release|Any CPU.ActiveCfg = Release|Any CPU
		{12CB470C-7657-40B9-AA93-BC6C33FC7621}.Release|Any CPU.Build.0 = Release|Any CPU
	EndGlobalSection
EndGlobal
